
Microsoft Visual Studio Solution File, Format Version 12.00
# Visual Studio Version 17
VisualStudioVersion = 17.13.35828.75 d17.13
MinimumVisualStudioVersion = 10.0.40219.1
Project("{FAE04EC0-301F-11D3-BF4B-00C04F79EFBC}") = "MhtToHtmlConverter", "MhtToHtmlConverter\MhtToHtmlConverter.csproj", "{D43E2B5D-8D14-4806-B65B-989963B555C5}"
EndProject
Global
	GlobalSection(SolutionConfigurationPlatforms) = preSolution
		Debug|Any CPU = Debug|Any CPU
		Release|Any CPU = Release|Any CPU
	EndGlobalSection
	GlobalSection(ProjectConfigurationPlatforms) = postSolution
		{D43E2B5D-8D14-4806-B65B-989963B555C5}.Debug|Any CPU.ActiveCfg = Debug|Any CPU
		{D43E2B5D-8D14-4806-B65B-989963B555C5}.Debug|Any CPU.Build.0 = Debug|Any CPU
		{D43E2B5D-8D14-4806-B65B-989963B555C5}.Release|Any CPU.ActiveCfg = Release|Any CPU
		{D43E2B5D-8D14-4806-B65B-989963B555C5}.Release|Any CPU.Build.0 = Release|Any CPU
	EndGlobalSection
	GlobalSection(SolutionProperties) = preSolution
		HideSolutionNode = FALSE
	EndGlobalSection
	GlobalSection(ExtensibilityGlobals) = postSolution
		SolutionGuid = {69DA8D16-4739-460C-87EE-E0FA6BC542FF}
	EndGlobalSection
EndGlobal
